
Microsoft Visual Studio Solution File, Format Version 12.00
# Visual Studio Version 17
VisualStudioVersion = 17.14.36109.1 d17.14
MinimumVisualStudioVersion = 10.0.40219.1
Project("{FAE04EC0-301F-11D3-BF4B-00C04F79EFBC}") = "UsersRegistry", "UsersRegistry\UsersRegistry.csproj", "{35E1F78D-CCF4-4990-B50F-5E5A38AEF8D2}"
EndProject
Global
	GlobalSection(SolutionConfigurationPlatforms) = preSolution
		Debug|Any CPU = Debug|Any CPU
		Release|Any CPU = Release|Any CPU
	EndGlobalSection
	GlobalSection(ProjectConfigurationPlatforms) = postSolution
		{35E1F78D-CCF4-4990-B50F-5E5A38AEF8D2}.Debug|Any CPU.ActiveCfg = Debug|Any CPU
		{35E1F78D-CCF4-4990-B50F-5E5A38AEF8D2}.Debug|Any CPU.Build.0 = Debug|Any CPU
		{35E1F78D-CCF4-4990-B50F-5E5A38AEF8D2}.Release|Any CPU.ActiveCfg = Release|Any CPU
		{35E1F78D-CCF4-4990-B50F-5E5A38AEF8D2}.Release|Any CPU.Build.0 = Release|Any CPU
	EndGlobalSection
	GlobalSection(SolutionProperties) = preSolution
		HideSolutionNode = FALSE
	EndGlobalSection
	GlobalSection(ExtensibilityGlobals) = postSolution
		SolutionGuid = {B451D202-06F3-4BDA-B4ED-CF8BB87FCE17}
	EndGlobalSection
EndGlobal
