
Microsoft Visual Studio Solution File, Format Version 12.00
# Visual Studio Version 17
VisualStudioVersion = 17.11.35312.102
MinimumVisualStudioVersion = 10.0.40219.1
Project("{FAE04EC0-301F-11D3-BF4B-00C04F79EFBC}") = "SimpleWpf", "SimpleWpf.csproj", "{19E34175-4EED-402B-AEC6-0CE51198131C}"
EndProject
Project("{FAE04EC0-301F-11D3-BF4B-00C04F79EFBC}") = "WpfTest", "..\WpfTest\WpfTest.csproj", "{6D875579-91D9-475E-A3A8-12C707E07A2F}"
EndProject
Global
	GlobalSection(SolutionConfigurationPlatforms) = preSolution
		Debug|Any CPU = Debug|Any CPU
		Release|Any CPU = Release|Any CPU
	EndGlobalSection
	GlobalSection(ProjectConfigurationPlatforms) = postSolution
		{19E34175-4EED-402B-AEC6-0CE51198131C}.Debug|Any CPU.ActiveCfg = Debug|Any CPU
		{19E34175-4EED-402B-AEC6-0CE51198131C}.Debug|Any CPU.Build.0 = Debug|Any CPU
		{19E34175-4EED-402B-AEC6-0CE51198131C}.Release|Any CPU.ActiveCfg = Release|Any CPU
		{19E34175-4EED-402B-AEC6-0CE51198131C}.Release|Any CPU.Build.0 = Release|Any CPU
		{6D875579-91D9-475E-A3A8-12C707E07A2F}.Debug|Any CPU.ActiveCfg = Debug|Any CPU
		{6D875579-91D9-475E-A3A8-12C707E07A2F}.Debug|Any CPU.Build.0 = Debug|Any CPU
		{6D875579-91D9-475E-A3A8-12C707E07A2F}.Release|Any CPU.ActiveCfg = Release|Any CPU
		{6D875579-91D9-475E-A3A8-12C707E07A2F}.Release|Any CPU.Build.0 = Release|Any CPU
	EndGlobalSection
	GlobalSection(SolutionProperties) = preSolution
		HideSolutionNode = FALSE
	EndGlobalSection
	GlobalSection(ExtensibilityGlobals) = postSolution
		SolutionGuid = {0D0FB372-0914-49BE-A3D9-7CC0E64EC18E}
	EndGlobalSection
EndGlobal
